{
  "nodes": {
    "flake-parts": {
      "inputs": {
        "nixpkgs-lib": [
          "nixpkgs"
        ]
      },
      "locked": {
        "lastModified": 1743550720,
        "narHash": "sha256-hIshGgKZCgWh6AYJpJmRgFdR3WUbkY04o82X05xqQiY=",
        "owner": "hercules-ci",
        "repo": "flake-parts",
        "rev": "c621e8422220273271f52058f618c94e405bb0f5",
        "type": "github"
      },
      "original": {
        "owner": "hercules-ci",
        "repo": "flake-parts",
        "type": "github"
      }
    },
    "hs-temporal-sdk": {
      "inputs": {
        "devenv": [],
        "fenix": [],
        "nixpkgs": "nixpkgs"
      },
      "locked": {
        "lastModified": 1743708306,
        "narHash": "sha256-0v8S0rgNWcMPUvJQaMamqw6FgNTmKvI396qG77o0NS4=",
        "owner": "MercuryTechnologies",
        "repo": "hs-temporal-sdk",
        "rev": "9058c64631a4d6a8e275adcdf1f0fc18538f1624",
        "type": "github"
      },
      "original": {
        "owner": "MercuryTechnologies",
        "repo": "hs-temporal-sdk",
        "type": "github"
      }
    },
    "nixpkgs": {
      "locked": {
        "lastModified": 1743568003,
        "narHash": "sha256-ZID5T65E8ruHqWRcdvZLsczWDOAWIE7om+vQOREwiX0=",
        "owner": "NixOS",
        "repo": "nixpkgs",
        "rev": "b7ba7f9f45c5cd0d8625e9e217c28f8eb6a19a76",
        "type": "github"
      },
      "original": {
        "owner": "NixOS",
        "ref": "nixpkgs-unstable",
        "repo": "nixpkgs",
        "type": "github"
      }
    },
    "root": {
      "inputs": {
        "flake-parts": "flake-parts",
        "hs-temporal-sdk": "hs-temporal-sdk",
        "nixpkgs": [
          "hs-temporal-sdk",
          "nixpkgs"
        ]
      }
    }
  },
  "root": "root",
  "version": 7
}
