{
  "nodes": {
    "flake-parts": {
      "inputs": {
        "nixpkgs-lib": [
          "nixpkgs"
        ]
      },
      "locked": {
        "lastModified": 1738453229,
        "narHash": "sha256-7H9XgNiGLKN1G1CgRh0vUL4AheZSYzPm+zmZ7vxbJdo=",
        "owner": "hercules-ci",
        "repo": "flake-parts",
        "rev": "32ea77a06711b758da0ad9bd6a844c5740a87abd",
        "type": "github"
      },
      "original": {
        "owner": "hercules-ci",
        "repo": "flake-parts",
        "type": "github"
      }
    },
    "hs-temporal-sdk": {
      "inputs": {
        "devenv": [],
        "fenix": [],
        "nixpkgs": "nixpkgs"
      },
      "locked": {
        "lastModified": 1740509713,
        "narHash": "sha256-/Gw4J/k7fzUtupJtdEDMg+3cPcDcf468RszTY5rEOwY=",
        "owner": "MercuryTechnologies",
        "repo": "hs-temporal-sdk",
        "rev": "57ac4cbde1fd3c78d81525de40b250a2bf3b74c8",
        "type": "github"
      },
      "original": {
        "owner": "MercuryTechnologies",
        "repo": "hs-temporal-sdk",
        "type": "github"
      }
    },
    "nixpkgs": {
      "locked": {
        "lastModified": 1739019272,
        "narHash": "sha256-7Fu7oazPoYCbDzb9k8D/DdbKrC3aU1zlnc39Y8jy/s8=",
        "owner": "NixOS",
        "repo": "nixpkgs",
        "rev": "fa35a3c8e17a3de613240fea68f876e5b4896aec",
        "type": "github"
      },
      "original": {
        "owner": "NixOS",
        "ref": "nixpkgs-unstable",
        "repo": "nixpkgs",
        "type": "github"
      }
    },
    "root": {
      "inputs": {
        "flake-parts": "flake-parts",
        "hs-temporal-sdk": "hs-temporal-sdk",
        "nixpkgs": [
          "hs-temporal-sdk",
          "nixpkgs"
        ]
      }
    }
  },
  "root": "root",
  "version": 7
}
