{
  "nodes": {
    "fenix": {
      "inputs": {
        "nixpkgs": [
          "hs-temporal-sdk",
          "nixpkgs"
        ],
        "rust-analyzer-src": "rust-analyzer-src"
      },
      "locked": {
        "lastModified": 1771743970,
        "narHash": "sha256-eri4eY0fUouYxBgWxJAJzG+xTGXVI7VeNJGcJrqpEt0=",
        "owner": "nix-community",
        "repo": "fenix",
        "rev": "2af8ae8bbe91833a54bd3b9cc24c326b66972a8e",
        "type": "github"
      },
      "original": {
        "owner": "nix-community",
        "repo": "fenix",
        "type": "github"
      }
    },
    "flake-parts": {
      "inputs": {
        "nixpkgs-lib": [
          "nixpkgs"
        ]
      },
      "locked": {
        "lastModified": 1769996383,
        "narHash": "sha256-AnYjnFWgS49RlqX7LrC4uA+sCCDBj0Ry/WOJ5XWAsa0=",
        "owner": "hercules-ci",
        "repo": "flake-parts",
        "rev": "57928607ea566b5db3ad13af0e57e921e6b12381",
        "type": "github"
      },
      "original": {
        "owner": "hercules-ci",
        "repo": "flake-parts",
        "type": "github"
      }
    },
    "hs-temporal-sdk": {
      "inputs": {
        "devenv": [],
        "fenix": "fenix",
        "nixpkgs": "nixpkgs",
        "rust-overlay": []
      },
      "locked": {
        "lastModified": 1770762329,
        "narHash": "sha256-vDG6+9oXod0P0/ZY2PWR/evS88QJsWU79a4m873C+nc=",
        "owner": "MercuryTechnologies",
        "repo": "hs-temporal-sdk",
        "rev": "86c9d166dbc95c6deb37235073639e15e20bc62d",
        "type": "github"
      },
      "original": {
        "owner": "MercuryTechnologies",
        "repo": "hs-temporal-sdk",
        "type": "github"
      }
    },
    "nixpkgs": {
      "locked": {
        "lastModified": 1743689281,
        "narHash": "sha256-y7Hg5lwWhEOgflEHRfzSH96BOt26LaYfrYWzZ+VoVdg=",
        "owner": "NixOS",
        "repo": "nixpkgs",
        "rev": "2bfc080955153be0be56724be6fa5477b4eefabb",
        "type": "github"
      },
      "original": {
        "owner": "NixOS",
        "ref": "nixpkgs-unstable",
        "repo": "nixpkgs",
        "type": "github"
      }
    },
    "root": {
      "inputs": {
        "fenix": [
          "hs-temporal-sdk",
          "fenix"
        ],
        "flake-parts": "flake-parts",
        "hs-temporal-sdk": "hs-temporal-sdk",
        "nixpkgs": [
          "hs-temporal-sdk",
          "nixpkgs"
        ]
      }
    },
    "rust-analyzer-src": {
      "flake": false,
      "locked": {
        "lastModified": 1771639390,
        "narHash": "sha256-igbphgls7JmrblWCIbgBGcL/ZWj0Iv+InySvuhLC5Ew=",
        "owner": "rust-lang",
        "repo": "rust-analyzer",
        "rev": "af68fc6e782f218c262a8e7e5718ce7276f697a2",
        "type": "github"
      },
      "original": {
        "owner": "rust-lang",
        "ref": "nightly",
        "repo": "rust-analyzer",
        "type": "github"
      }
    }
  },
  "root": "root",
  "version": 7
}
